<?xml version="1.0" encoding="utf-8"?>
<Project ToolsVersion="4.0" xmlns="http://schemas.microsoft.com/developer/msbuild/2003">
  <ItemGroup>
    <Filter Include="源文件">
      <UniqueIdentifier>{4FC737F1-C7A5-4376-A066-2A32D752A2FF}</UniqueIdentifier>
      <Extensions>cpp;c;cc;cxx;def;odl;idl;hpj;bat;asm;asmx</Extensions>
    </Filter>
    <Filter Include="头文件">
      <UniqueIdentifier>{93995380-89BD-4b04-88EB-625FBE52EBFB}</UniqueIdentifier>
      <Extensions>h;hh;hpp;hxx;hm;inl;inc;xsd</Extensions>
    </Filter>
    <Filter Include="资源文件">
      <UniqueIdentifier>{67DA6AB6-F800-4c08-8B7A-83BB121AAD01}</UniqueIdentifier>
      <Extensions>rc;ico;cur;bmp;dlg;rc2;rct;bin;rgs;gif;jpg;jpeg;jpe;resx;tiff;tif;png;wav;mfcribbon-ms</Extensions>
    </Filter>
  </ItemGroup>
  <ItemGroup>
    <ClCompile Include="learnOpenGL\stb_image_compile.cpp">
      <Filter>源文件</Filter>
    </ClCompile>
    <ClCompile Include="imgui\imgui.cpp">
      <Filter>源文件</Filter>
    </ClCompile>
    <ClCompile Include="imgui\imgui_demo.cpp">
      <Filter>源文件</Filter>
    </ClCompile>
    <ClCompile Include="imgui\imgui_draw.cpp">
      <Filter>源文件</Filter>
    </ClCompile>
    <ClCompile Include="imgui\imgui_impl_glfw_gl3.cpp">
      <Filter>源文件</Filter>
    </ClCompile>
    <ClCompile Include="glad\glad.c">
      <Filter>源文件</Filter>
    </ClCompile>
    <ClCompile Include="Skybox.cpp">
      <Filter>源文件</Filter>
    </ClCompile>
  </ItemGroup>
  <ItemGroup>
    <ClInclude Include="learnOpenGL\Camera.h">
      <Filter>头文件</Filter>
    </ClInclude>
    <ClInclude Include="learnOpenGL\mesh.h">
      <Filter>头文件</Filter>
    </ClInclude>
    <ClInclude Include="learnOpenGL\model.h">
      <Filter>头文件</Filter>
    </ClInclude>
    <ClInclude Include="learnOpenGL\shader.h">
      <Filter>头文件</Filter>
    </ClInclude>
    <ClInclude Include="learnOpenGL\stb_image.h">
      <Filter>头文件</Filter>
    </ClInclude>
    <ClInclude Include="imgui\imconfig.h">
      <Filter>头文件</Filter>
    </ClInclude>
    <ClInclude Include="imgui\imgui.h">
      <Filter>头文件</Filter>
    </ClInclude>
    <ClInclude Include="imgui\imgui_impl_glfw_gl3.h">
      <Filter>头文件</Filter>
    </ClInclude>
    <ClInclude Include="imgui\imgui_internal.h">
      <Filter>头文件</Filter>
    </ClInclude>
    <ClInclude Include="imgui\stb_rect_pack.h">
      <Filter>头文件</Filter>
    </ClInclude>
    <ClInclude Include="imgui\stb_textedit.h">
      <Filter>头文件</Filter>
    </ClInclude>
    <ClInclude Include="imgui\stb_truetype.h">
      <Filter>头文件</Filter>
    </ClInclude>
    <ClInclude Include="glad\glad.h">
      <Filter>头文件</Filter>
    </ClInclude>
    <ClInclude Include="glad\khrplatform.h">
      <Filter>头文件</Filter>
    </ClInclude>
    <ClInclude Include="assimp\Compiler\poppack1.h">
      <Filter>头文件</Filter>
    </ClInclude>
    <ClInclude Include="assimp\Compiler\pstdint.h">
      <Filter>头文件</Filter>
    </ClInclude>
    <ClInclude Include="assimp\Compiler\pushpack1.h">
      <Filter>头文件</Filter>
    </ClInclude>
    <ClInclude Include="assimp\ai_assert.h">
      <Filter>头文件</Filter>
    </ClInclude>
    <ClInclude Include="assimp\anim.h">
      <Filter>头文件</Filter>
    </ClInclude>
    <ClInclude Include="assimp\camera.h">
      <Filter>头文件</Filter>
    </ClInclude>
    <ClInclude Include="assimp\cexport.h">
      <Filter>头文件</Filter>
    </ClInclude>
    <ClInclude Include="assimp\cfileio.h">
      <Filter>头文件</Filter>
    </ClInclude>
    <ClInclude Include="assimp\cimport.h">
      <Filter>头文件</Filter>
    </ClInclude>
    <ClInclude Include="assimp\color4.h">
      <Filter>头文件</Filter>
    </ClInclude>
    <ClInclude Include="assimp\config.h">
      <Filter>头文件</Filter>
    </ClInclude>
    <ClInclude Include="assimp\DefaultLogger.hpp">
      <Filter>头文件</Filter>
    </ClInclude>
    <ClInclude Include="assimp\defs.h">
      <Filter>头文件</Filter>
    </ClInclude>
    <ClInclude Include="assimp\Exporter.hpp">
      <Filter>头文件</Filter>
    </ClInclude>
    <ClInclude Include="assimp\Importer.hpp">
      <Filter>头文件</Filter>
    </ClInclude>
    <ClInclude Include="assimp\importerdesc.h">
      <Filter>头文件</Filter>
    </ClInclude>
    <ClInclude Include="assimp\IOStream.hpp">
      <Filter>头文件</Filter>
    </ClInclude>
    <ClInclude Include="assimp\IOSystem.hpp">
      <Filter>头文件</Filter>
    </ClInclude>
    <ClInclude Include="assimp\light.h">
      <Filter>头文件</Filter>
    </ClInclude>
    <ClInclude Include="assimp\Logger.hpp">
      <Filter>头文件</Filter>
    </ClInclude>
    <ClInclude Include="assimp\LogStream.hpp">
      <Filter>头文件</Filter>
    </ClInclude>
    <ClInclude Include="assimp\material.h">
      <Filter>头文件</Filter>
    </ClInclude>
    <ClInclude Include="assimp\matrix3x3.h">
      <Filter>头文件</Filter>
    </ClInclude>
    <ClInclude Include="assimp\matrix4x4.h">
      <Filter>头文件</Filter>
    </ClInclude>
    <ClInclude Include="assimp\mesh.h">
      <Filter>头文件</Filter>
    </ClInclude>
    <ClInclude Include="assimp\metadata.h">
      <Filter>头文件</Filter>
    </ClInclude>
    <ClInclude Include="assimp\NullLogger.hpp">
      <Filter>头文件</Filter>
    </ClInclude>
    <ClInclude Include="assimp\postprocess.h">
      <Filter>头文件</Filter>
    </ClInclude>
    <ClInclude Include="assimp\ProgressHandler.hpp">
      <Filter>头文件</Filter>
    </ClInclude>
    <ClInclude Include="assimp\quaternion.h">
      <Filter>头文件</Filter>
    </ClInclude>
    <ClInclude Include="assimp\scene.h">
      <Filter>头文件</Filter>
    </ClInclude>
    <ClInclude Include="assimp\texture.h">
      <Filter>头文件</Filter>
    </ClInclude>
    <ClInclude Include="assimp\types.h">
      <Filter>头文件</Filter>
    </ClInclude>
    <ClInclude Include="assimp\vector2.h">
      <Filter>头文件</Filter>
    </ClInclude>
    <ClInclude Include="assimp\vector3.h">
      <Filter>头文件</Filter>
    </ClInclude>
    <ClInclude Include="assimp\version.h">
      <Filter>头文件</Filter>
    </ClInclude>
    <ClInclude Include="learnOpenGL\Maze.h">
      <Filter>头文件</Filter>
    </ClInclude>
  </ItemGroup>
  <ItemGroup>
    <None Include="assimp\color4.inl">
      <Filter>头文件</Filter>
    </None>
    <None Include="assimp\material.inl">
      <Filter>头文件</Filter>
    </None>
    <None Include="assimp\matrix3x3.inl">
      <Filter>头文件</Filter>
    </None>
    <None Include="assimp\matrix4x4.inl">
      <Filter>头文件</Filter>
    </None>
    <None Include="assimp\quaternion.inl">
      <Filter>头文件</Filter>
    </None>
    <None Include="assimp\vector2.inl">
      <Filter>头文件</Filter>
    </None>
    <None Include="assimp\vector3.inl">
      <Filter>头文件</Filter>
    </None>
  </ItemGroup>
</Project>